
Microsoft Visual Studio Solution File, Format Version 12.00
# Visual Studio Version 17
VisualStudioVersion = 17.11.35222.181
MinimumVisualStudioVersion = 10.0.40219.1
Project("{FAE04EC0-301F-11D3-BF4B-00C04F79EFBC}") = "practica", "practica.csproj", "{6A067128-286F-40E6-8A26-7EE43CDD7E13}"
EndProject
Global
	GlobalSection(SolutionConfigurationPlatforms) = preSolution
		Debug|Any CPU = Debug|Any CPU
		Release|Any CPU = Release|Any CPU
	EndGlobalSection
	GlobalSection(ProjectConfigurationPlatforms) = postSolution
		{6A067128-286F-40E6-8A26-7EE43CDD7E13}.Debug|Any CPU.ActiveCfg = Debug|Any CPU
		{6A067128-286F-40E6-8A26-7EE43CDD7E13}.Debug|Any CPU.Build.0 = Debug|Any CPU
		{6A067128-286F-40E6-8A26-7EE43CDD7E13}.Release|Any CPU.ActiveCfg = Release|Any CPU
		{6A067128-286F-40E6-8A26-7EE43CDD7E13}.Release|Any CPU.Build.0 = Release|Any CPU
	EndGlobalSection
	GlobalSection(SolutionProperties) = preSolution
		HideSolutionNode = FALSE
	EndGlobalSection
	GlobalSection(ExtensibilityGlobals) = postSolution
		SolutionGuid = {DE8000DF-B244-4AD7-9207-88AFD3171D90}
	EndGlobalSection
EndGlobal
